// !$*UTF8*$!
{
	archiveVersion = 1;
	classes = {
	};
	objectVersion = 56;
	objects = {

/* Begin PBXBuildFile section */
		45E092722AB474B800D8D3CD /* LandmarksApp.swift in Sources */ = {isa = PBXBuildFile; fileRef = 45E092712AB474B800D8D3CD /* LandmarksApp.swift */; };
		45E092742AB474B800D8D3CD /* ContentView.swift in Sources */ = {isa = PBXBuildFile; fileRef = 45E092732AB474B800D8D3CD /* ContentView.swift */; };
		45E092762AB474BA00D8D3CD /* Assets.xcassets in Resources */ = {isa = PBXBuildFile; fileRef = 45E092752AB474BA00D8D3CD /* Assets.xcassets */; };
		45E0927A2AB474BA00D8D3CD /* Preview Assets.xcassets in Resources */ = {isa = PBXBuildFile; fileRef = 45E092792AB474BA00D8D3CD /* Preview Assets.xcassets */; };
		45E092842AB474BA00D8D3CD /* LandmarksTests.swift in Sources */ = {isa = PBXBuildFile; fileRef = 45E092832AB474BA00D8D3CD /* LandmarksTests.swift */; };
		45E0928E2AB474BA00D8D3CD /* LandmarksUITests.swift in Sources */ = {isa = PBXBuildFile; fileRef = 45E0928D2AB474BA00D8D3CD /* LandmarksUITests.swift */; };
		45E092902AB474BA00D8D3CD /* LandmarksUITestsLaunchTests.swift in Sources */ = {isa = PBXBuildFile; fileRef = 45E0928F2AB474BA00D8D3CD /* LandmarksUITestsLaunchTests.swift */; };
		45E0929D2AB4781400D8D3CD /* CircleImage.swift in Sources */ = {isa = PBXBuildFile; fileRef = 45E0929C2AB4781400D8D3CD /* CircleImage.swift */; };
		45E0929F2AB4820100D8D3CD /* MapView.swift in Sources */ = {isa = PBXBuildFile; fileRef = 45E0929E2AB4820100D8D3CD /* MapView.swift */; };
		45E092A12AB4877700D8D3CD /* landmarkData.json in Resources */ = {isa = PBXBuildFile; fileRef = 45E092A02AB4877600D8D3CD /* landmarkData.json */; };
		45E092A52AB487EB00D8D3CD /* Landmark.swift in Sources */ = {isa = PBXBuildFile; fileRef = 45E092A42AB487EB00D8D3CD /* Landmark.swift */; };
		45E092A72AB4927F00D8D3CD /* ModelData.swift in Sources */ = {isa = PBXBuildFile; fileRef = 45E092A62AB4927F00D8D3CD /* ModelData.swift */; };
		45E6D8B02AB53E2200BA22FC /* LandmarkRow.swift in Sources */ = {isa = PBXBuildFile; fileRef = 45E6D8AF2AB53E2200BA22FC /* LandmarkRow.swift */; };
		45E6D8B22AB540EE00BA22FC /* LandmarkList.swift in Sources */ = {isa = PBXBuildFile; fileRef = 45E6D8B12AB540EE00BA22FC /* LandmarkList.swift */; };
/* End PBXBuildFile section */

/* Begin PBXContainerItemProxy section */
		45E092802AB474BA00D8D3CD /* PBXContainerItemProxy */ = {
			isa = PBXContainerItemProxy;
			containerPortal = 45E092662AB474B800D8D3CD /* Project object */;
			proxyType = 1;
			remoteGlobalIDString = 45E0926D2AB474B800D8D3CD;
			remoteInfo = Landmarks;
		};
		45E0928A2AB474BA00D8D3CD /* PBXContainerItemProxy */ = {
			isa = PBXContainerItemProxy;
			containerPortal = 45E092662AB474B800D8D3CD /* Project object */;
			proxyType = 1;
			remoteGlobalIDString = 45E0926D2AB474B800D8D3CD;
			remoteInfo = Landmarks;
		};
/* End PBXContainerItemProxy section */

/* Begin PBXFileReference section */
		45E0926E2AB474B800D8D3CD /* Landmarks.app */ = {isa = PBXFileReference; explicitFileType = wrapper.application; includeInIndex = 0; path = Landmarks.app; sourceTree = BUILT_PRODUCTS_DIR; };
		45E092712AB474B800D8D3CD /* LandmarksApp.swift */ = {isa = PBXFileReference; lastKnownFileType = sourcecode.swift; path = LandmarksApp.swift; sourceTree = "<group>"; };
		45E092732AB474B800D8D3CD /* ContentView.swift */ = {isa = PBXFileReference; lastKnownFileType = sourcecode.swift; path = ContentView.swift; sourceTree = "<group>"; };
		45E092752AB474BA00D8D3CD /* Assets.xcassets */ = {isa = PBXFileReference; lastKnownFileType = folder.assetcatalog; path = Assets.xcassets; sourceTree = "<group>"; };
		45E092772AB474BA00D8D3CD /* Landmarks.entitlements */ = {isa = PBXFileReference; lastKnownFileType = text.plist.entitlements; path = Landmarks.entitlements; sourceTree = "<group>"; };
		45E092792AB474BA00D8D3CD /* Preview Assets.xcassets */ = {isa = PBXFileReference; lastKnownFileType = folder.assetcatalog; path = "Preview Assets.xcassets"; sourceTree = "<group>"; };
		45E0927F2AB474BA00D8D3CD /* LandmarksTests.xctest */ = {isa = PBXFileReference; explicitFileType = wrapper.cfbundle; includeInIndex = 0; path = LandmarksTests.xctest; sourceTree = BUILT_PRODUCTS_DIR; };
		45E092832AB474BA00D8D3CD /* LandmarksTests.swift */ = {isa = PBXFileReference; lastKnownFileType = sourcecode.swift; path = LandmarksTests.swift; sourceTree = "<group>"; };
		45E092892AB474BA00D8D3CD /* LandmarksUITests.xctest */ = {isa = PBXFileReference; explicitFileType = wrapper.cfbundle; includeInIndex = 0; path = LandmarksUITests.xctest; sourceTree = BUILT_PRODUCTS_DIR; };
		45E0928D2AB474BA00D8D3CD /* LandmarksUITests.swift */ = {isa = PBXFileReference; lastKnownFileType = sourcecode.swift; path = LandmarksUITests.swift; sourceTree = "<group>"; };
		45E0928F2AB474BA00D8D3CD /* LandmarksUITestsLaunchTests.swift */ = {isa = PBXFileReference; lastKnownFileType = sourcecode.swift; path = LandmarksUITestsLaunchTests.swift; sourceTree = "<group>"; };
		45E0929C2AB4781400D8D3CD /* CircleImage.swift */ = {isa = PBXFileReference; lastKnownFileType = sourcecode.swift; path = CircleImage.swift; sourceTree = "<group>"; };
		45E0929E2AB4820100D8D3CD /* MapView.swift */ = {isa = PBXFileReference; lastKnownFileType = sourcecode.swift; path = MapView.swift; sourceTree = "<group>"; };
		45E092A02AB4877600D8D3CD /* landmarkData.json */ = {isa = PBXFileReference; fileEncoding = 4; lastKnownFileType = text.json; path = landmarkData.json; sourceTree = "<group>"; };
		45E092A42AB487EB00D8D3CD /* Landmark.swift */ = {isa = PBXFileReference; lastKnownFileType = sourcecode.swift; path = Landmark.swift; sourceTree = "<group>"; };
		45E092A62AB4927F00D8D3CD /* ModelData.swift */ = {isa = PBXFileReference; lastKnownFileType = sourcecode.swift; path = ModelData.swift; sourceTree = "<group>"; };
		45E6D8AF2AB53E2200BA22FC /* LandmarkRow.swift */ = {isa = PBXFileReference; lastKnownFileType = sourcecode.swift; path = LandmarkRow.swift; sourceTree = "<group>"; };
		45E6D8B12AB540EE00BA22FC /* LandmarkList.swift */ = {isa = PBXFileReference; lastKnownFileType = sourcecode.swift; path = LandmarkList.swift; sourceTree = "<group>"; };
/* End PBXFileReference section */

/* Begin PBXFrameworksBuildPhase section */
		45E0926B2AB474B800D8D3CD /* Frameworks */ = {
			isa = PBXFrameworksBuildPhase;
			buildActionMask = 2147483647;
			files = (
			);
			runOnlyForDeploymentPostprocessing = 0;
		};
		45E0927C2AB474BA00D8D3CD /* Frameworks */ = {
			isa = PBXFrameworksBuildPhase;
			buildActionMask = 2147483647;
			files = (
			);
			runOnlyForDeploymentPostprocessing = 0;
		};
		45E092862AB474BA00D8D3CD /* Frameworks */ = {
			isa = PBXFrameworksBuildPhase;
			buildActionMask = 2147483647;
			files = (
			);
			runOnlyForDeploymentPostprocessing = 0;
		};
/* End PBXFrameworksBuildPhase section */

/* Begin PBXGroup section */
		45E092652AB474B800D8D3CD = {
			isa = PBXGroup;
			children = (
				45E092702AB474B800D8D3CD /* Landmarks */,
				45E092822AB474BA00D8D3CD /* LandmarksTests */,
				45E0928C2AB474BA00D8D3CD /* LandmarksUITests */,
				45E0926F2AB474B800D8D3CD /* Products */,
			);
			sourceTree = "<group>";
		};
		45E0926F2AB474B800D8D3CD /* Products */ = {
			isa = PBXGroup;
			children = (
				45E0926E2AB474B800D8D3CD /* Landmarks.app */,
				45E0927F2AB474BA00D8D3CD /* LandmarksTests.xctest */,
				45E092892AB474BA00D8D3CD /* LandmarksUITests.xctest */,
			);
			name = Products;
			sourceTree = "<group>";
		};
		45E092702AB474B800D8D3CD /* Landmarks */ = {
			isa = PBXGroup;
			children = (
				45E6D8AE2AB53D8C00BA22FC /* Resources */,
				45E6D8AD2AB53D7F00BA22FC /* Models */,
				45E6D8AC2AB53D5C00BA22FC /* Views */,
				45E092712AB474B800D8D3CD /* LandmarksApp.swift */,
				45E092752AB474BA00D8D3CD /* Assets.xcassets */,
				45E092772AB474BA00D8D3CD /* Landmarks.entitlements */,
				45E092782AB474BA00D8D3CD /* Preview Content */,
			);
			path = Landmarks;
			sourceTree = "<group>";
		};
		45E092782AB474BA00D8D3CD /* Preview Content */ = {
			isa = PBXGroup;
			children = (
				45E092792AB474BA00D8D3CD /* Preview Assets.xcassets */,
			);
			path = "Preview Content";
			sourceTree = "<group>";
		};
		45E092822AB474BA00D8D3CD /* LandmarksTests */ = {
			isa = PBXGroup;
			children = (
				45E092832AB474BA00D8D3CD /* LandmarksTests.swift */,
			);
			path = LandmarksTests;
			sourceTree = "<group>";
		};
		45E0928C2AB474BA00D8D3CD /* LandmarksUITests */ = {
			isa = PBXGroup;
			children = (
				45E0928D2AB474BA00D8D3CD /* LandmarksUITests.swift */,
				45E0928F2AB474BA00D8D3CD /* LandmarksUITestsLaunchTests.swift */,
			);
			path = LandmarksUITests;
			sourceTree = "<group>";
		};
		45E6D8AC2AB53D5C00BA22FC /* Views */ = {
			isa = PBXGroup;
			children = (
				45E0929C2AB4781400D8D3CD /* CircleImage.swift */,
				45E092732AB474B800D8D3CD /* ContentView.swift */,
				45E0929E2AB4820100D8D3CD /* MapView.swift */,
				45E6D8AF2AB53E2200BA22FC /* LandmarkRow.swift */,
				45E6D8B12AB540EE00BA22FC /* LandmarkList.swift */,
			);
			path = Views;
			sourceTree = "<group>";
		};
		45E6D8AD2AB53D7F00BA22FC /* Models */ = {
			isa = PBXGroup;
			children = (
				45E092A42AB487EB00D8D3CD /* Landmark.swift */,
				45E092A62AB4927F00D8D3CD /* ModelData.swift */,
			);
			path = Models;
			sourceTree = "<group>";
		};
		45E6D8AE2AB53D8C00BA22FC /* Resources */ = {
			isa = PBXGroup;
			children = (
				45E092A02AB4877600D8D3CD /* landmarkData.json */,
			);
			path = Resources;
			sourceTree = "<group>";
		};
/* End PBXGroup section */

/* Begin PBXNativeTarget section */
		45E0926D2AB474B800D8D3CD /* Landmarks */ = {
			isa = PBXNativeTarget;
			buildConfigurationList = 45E092932AB474BA00D8D3CD /* Build configuration list for PBXNativeTarget "Landmarks" */;
			buildPhases = (
				45E0926A2AB474B800D8D3CD /* Sources */,
				45E0926B2AB474B800D8D3CD /* Frameworks */,
				45E0926C2AB474B800D8D3CD /* Resources */,
			);
			buildRules = (
			);
			dependencies = (
			);
			name = Landmarks;
			productName = Landmarks;
			productReference = 45E0926E2AB474B800D8D3CD /* Landmarks.app */;
			productType = "com.apple.product-type.application";
		};
		45E0927E2AB474BA00D8D3CD /* LandmarksTests */ = {
			isa = PBXNativeTarget;
			buildConfigurationList = 45E092962AB474BA00D8D3CD /* Build configuration list for PBXNativeTarget "LandmarksTests" */;
			buildPhases = (
				45E0927B2AB474BA00D8D3CD /* Sources */,
				45E0927C2AB474BA00D8D3CD /* Frameworks */,
				45E0927D2AB474BA00D8D3CD /* Resources */,
			);
			buildRules = (
			);
			dependencies = (
				45E092812AB474BA00D8D3CD /* PBXTargetDependency */,
			);
			name = LandmarksTests;
			productName = LandmarksTests;
			productReference = 45E0927F2AB474BA00D8D3CD /* LandmarksTests.xctest */;
			productType = "com.apple.product-type.bundle.unit-test";
		};
		45E092882AB474BA00D8D3CD /* LandmarksUITests */ = {
			isa = PBXNativeTarget;
			buildConfigurationList = 45E092992AB474BA00D8D3CD /* Build configuration list for PBXNativeTarget "LandmarksUITests" */;
			buildPhases = (
				45E092852AB474BA00D8D3CD /* Sources */,
				45E092862AB474BA00D8D3CD /* Frameworks */,
				45E092872AB474BA00D8D3CD /* Resources */,
			);
			buildRules = (
			);
			dependencies = (
				45E0928B2AB474BA00D8D3CD /* PBXTargetDependency */,
			);
			name = LandmarksUITests;
			productName = LandmarksUITests;
			productReference = 45E092892AB474BA00D8D3CD /* LandmarksUITests.xctest */;
			productType = "com.apple.product-type.bundle.ui-testing";
		};
/* End PBXNativeTarget section */

/* Begin PBXProject section */
		45E092662AB474B800D8D3CD /* Project object */ = {
			isa = PBXProject;
			attributes = {
				BuildIndependentTargetsInParallel = 1;
				LastSwiftUpdateCheck = 1430;
				LastUpgradeCheck = 1430;
				TargetAttributes = {
					45E0926D2AB474B800D8D3CD = {
						CreatedOnToolsVersion = 14.3.1;
					};
					45E0927E2AB474BA00D8D3CD = {
						CreatedOnToolsVersion = 14.3.1;
						TestTargetID = 45E0926D2AB474B800D8D3CD;
					};
					45E092882AB474BA00D8D3CD = {
						CreatedOnToolsVersion = 14.3.1;
						TestTargetID = 45E0926D2AB474B800D8D3CD;
					};
				};
			};
			buildConfigurationList = 45E092692AB474B800D8D3CD /* Build configuration list for PBXProject "Landmarks" */;
			compatibilityVersion = "Xcode 14.0";
			developmentRegion = en;
			hasScannedForEncodings = 0;
			knownRegions = (
				en,
				Base,
			);
			mainGroup = 45E092652AB474B800D8D3CD;
			productRefGroup = 45E0926F2AB474B800D8D3CD /* Products */;
			projectDirPath = "";
			projectRoot = "";
			targets = (
				45E0926D2AB474B800D8D3CD /* Landmarks */,
				45E0927E2AB474BA00D8D3CD /* LandmarksTests */,
				45E092882AB474BA00D8D3CD /* LandmarksUITests */,
			);
		};
/* End PBXProject section */

/* Begin PBXResourcesBuildPhase section */
		45E0926C2AB474B800D8D3CD /* Resources */ = {
			isa = PBXResourcesBuildPhase;
			buildActionMask = 2147483647;
			files = (
				45E0927A2AB474BA00D8D3CD /* Preview Assets.xcassets in Resources */,
				45E092762AB474BA00D8D3CD /* Assets.xcassets in Resources */,
				45E092A12AB4877700D8D3CD /* landmarkData.json in Resources */,
			);
			runOnlyForDeploymentPostprocessing = 0;
		};
		45E0927D2AB474BA00D8D3CD /* Resources */ = {
			isa = PBXResourcesBuildPhase;
			buildActionMask = 2147483647;
			files = (
			);
			runOnlyForDeploymentPostprocessing = 0;
		};
		45E092872AB474BA00D8D3CD /* Resources */ = {
			isa = PBXResourcesBuildPhase;
			buildActionMask = 2147483647;
			files = (
			);
			runOnlyForDeploymentPostprocessing = 0;
		};
/* End PBXResourcesBuildPhase section */

/* Begin PBXSourcesBuildPhase section */
		45E0926A2AB474B800D8D3CD /* Sources */ = {
			isa = PBXSourcesBuildPhase;
			buildActionMask = 2147483647;
			files = (
				45E092742AB474B800D8D3CD /* ContentView.swift in Sources */,
				45E0929F2AB4820100D8D3CD /* MapView.swift in Sources */,
				45E092722AB474B800D8D3CD /* LandmarksApp.swift in Sources */,
				45E6D8B22AB540EE00BA22FC /* LandmarkList.swift in Sources */,
				45E0929D2AB4781400D8D3CD /* CircleImage.swift in Sources */,
				45E092A52AB487EB00D8D3CD /* Landmark.swift in Sources */,
				45E6D8B02AB53E2200BA22FC /* LandmarkRow.swift in Sources */,
				45E092A72AB4927F00D8D3CD /* ModelData.swift in Sources */,
			);
			runOnlyForDeploymentPostprocessing = 0;
		};
		45E0927B2AB474BA00D8D3CD /* Sources */ = {
			isa = PBXSourcesBuildPhase;
			buildActionMask = 2147483647;
			files = (
				45E092842AB474BA00D8D3CD /* LandmarksTests.swift in Sources */,
			);
			runOnlyForDeploymentPostprocessing = 0;
		};
		45E092852AB474BA00D8D3CD /* Sources */ = {
			isa = PBXSourcesBuildPhase;
			buildActionMask = 2147483647;
			files = (
				45E092902AB474BA00D8D3CD /* LandmarksUITestsLaunchTests.swift in Sources */,
				45E0928E2AB474BA00D8D3CD /* LandmarksUITests.swift in Sources */,
			);
			runOnlyForDeploymentPostprocessing = 0;
		};
/* End PBXSourcesBuildPhase section */

/* Begin PBXTargetDependency section */
		45E092812AB474BA00D8D3CD /* PBXTargetDependency */ = {
			isa = PBXTargetDependency;
			target = 45E0926D2AB474B800D8D3CD /* Landmarks */;
			targetProxy = 45E092802AB474BA00D8D3CD /* PBXContainerItemProxy */;
		};
		45E0928B2AB474BA00D8D3CD /* PBXTargetDependency */ = {
			isa = PBXTargetDependency;
			target = 45E0926D2AB474B800D8D3CD /* Landmarks */;
			targetProxy = 45E0928A2AB474BA00D8D3CD /* PBXContainerItemProxy */;
		};
/* End PBXTargetDependency section */

/* Begin XCBuildConfiguration section */
		45E092912AB474BA00D8D3CD /* Debug */ = {
			isa = XCBuildConfiguration;
			buildSettings = {
				ALWAYS_SEARCH_USER_PATHS = NO;
				CLANG_ANALYZER_NONNULL = YES;
				CLANG_ANALYZER_NUMBER_OBJECT_CONVERSION = YES_AGGRESSIVE;
				CLANG_CXX_LANGUAGE_STANDARD = "gnu++20";
				CLANG_ENABLE_MODULES = YES;
				CLANG_ENABLE_OBJC_ARC = YES;
				CLANG_ENABLE_OBJC_WEAK = YES;
				CLANG_WARN_BLOCK_CAPTURE_AUTORELEASING = YES;
				CLANG_WARN_BOOL_CONVERSION = YES;
				CLANG_WARN_COMMA = YES;
				CLANG_WARN_CONSTANT_CONVERSION = YES;
				CLANG_WARN_DEPRECATED_OBJC_IMPLEMENTATIONS = YES;
				CLANG_WARN_DIRECT_OBJC_ISA_USAGE = YES_ERROR;
				CLANG_WARN_DOCUMENTATION_COMMENTS = YES;
				CLANG_WARN_EMPTY_BODY = YES;
				CLANG_WARN_ENUM_CONVERSION = YES;
				CLANG_WARN_INFINITE_RECURSION = YES;
				CLANG_WARN_INT_CONVERSION = YES;
				CLANG_WARN_NON_LITERAL_NULL_CONVERSION = YES;
				CLANG_WARN_OBJC_IMPLICIT_RETAIN_SELF = YES;
				CLANG_WARN_OBJC_LITERAL_CONVERSION = YES;
				CLANG_WARN_OBJC_ROOT_CLASS = YES_ERROR;
				CLANG_WARN_QUOTED_INCLUDE_IN_FRAMEWORK_HEADER = YES;
				CLANG_WARN_RANGE_LOOP_ANALYSIS = YES;
				CLANG_WARN_STRICT_PROTOTYPES = YES;
				CLANG_WARN_SUSPICIOUS_MOVE = YES;
				CLANG_WARN_UNGUARDED_AVAILABILITY = YES_AGGRESSIVE;
				CLANG_WARN_UNREACHABLE_CODE = YES;
				CLANG_WARN__DUPLICATE_METHOD_MATCH = YES;
				COPY_PHASE_STRIP = NO;
				DEBUG_INFORMATION_FORMAT = dwarf;
				ENABLE_STRICT_OBJC_MSGSEND = YES;
				ENABLE_TESTABILITY = YES;
				GCC_C_LANGUAGE_STANDARD = gnu11;
				GCC_DYNAMIC_NO_PIC = NO;
				GCC_NO_COMMON_BLOCKS = YES;
				GCC_OPTIMIZATION_LEVEL = 0;
				GCC_PREPROCESSOR_DEFINITIONS = (
					"DEBUG=1",
					"$(inherited)",
				);
				GCC_WARN_64_TO_32_BIT_CONVERSION = YES;
				GCC_WARN_ABOUT_RETURN_TYPE = YES_ERROR;
				GCC_WARN_UNDECLARED_SELECTOR = YES;
				GCC_WARN_UNINITIALIZED_AUTOS = YES_AGGRESSIVE;
				GCC_WARN_UNUSED_FUNCTION = YES;
				GCC_WARN_UNUSED_VARIABLE = YES;
				MTL_ENABLE_DEBUG_INFO = INCLUDE_SOURCE;
				MTL_FAST_MATH = YES;
				ONLY_ACTIVE_ARCH = YES;
				SWIFT_ACTIVE_COMPILATION_CONDITIONS = DEBUG;
				SWIFT_OPTIMIZATION_LEVEL = "-Onone";
			};
			name = Debug;
		};
		45E092922AB474BA00D8D3CD /* Release */ = {
			isa = XCBuildConfiguration;
			buildSettings = {
				ALWAYS_SEARCH_USER_PATHS = NO;
				CLANG_ANALYZER_NONNULL = YES;
				CLANG_ANALYZER_NUMBER_OBJECT_CONVERSION = YES_AGGRESSIVE;
				CLANG_CXX_LANGUAGE_STANDARD = "gnu++20";
				CLANG_ENABLE_MODULES = YES;
				CLANG_ENABLE_OBJC_ARC = YES;
				CLANG_ENABLE_OBJC_WEAK = YES;
				CLANG_WARN_BLOCK_CAPTURE_AUTORELEASING = YES;
				CLANG_WARN_BOOL_CONVERSION = YES;
				CLANG_WARN_COMMA = YES;
				CLANG_WARN_CONSTANT_CONVERSION = YES;
				CLANG_WARN_DEPRECATED_OBJC_IMPLEMENTATIONS = YES;
				CLANG_WARN_DIRECT_OBJC_ISA_USAGE = YES_ERROR;
				CLANG_WARN_DOCUMENTATION_COMMENTS = YES;
				CLANG_WARN_EMPTY_BODY = YES;
				CLANG_WARN_ENUM_CONVERSION = YES;
				CLANG_WARN_INFINITE_RECURSION = YES;
				CLANG_WARN_INT_CONVERSION = YES;
				CLANG_WARN_NON_LITERAL_NULL_CONVERSION = YES;
				CLANG_WARN_OBJC_IMPLICIT_RETAIN_SELF = YES;
				CLANG_WARN_OBJC_LITERAL_CONVERSION = YES;
				CLANG_WARN_OBJC_ROOT_CLASS = YES_ERROR;
				CLANG_WARN_QUOTED_INCLUDE_IN_FRAMEWORK_HEADER = YES;
				CLANG_WARN_RANGE_LOOP_ANALYSIS = YES;
				CLANG_WARN_STRICT_PROTOTYPES = YES;
				CLANG_WARN_SUSPICIOUS_MOVE = YES;
				CLANG_WARN_UNGUARDED_AVAILABILITY = YES_AGGRESSIVE;
				CLANG_WARN_UNREACHABLE_CODE = YES;
				CLANG_WARN__DUPLICATE_METHOD_MATCH = YES;
				COPY_PHASE_STRIP = NO;
				DEBUG_INFORMATION_FORMAT = "dwarf-with-dsym";
				ENABLE_NS_ASSERTIONS = NO;
				ENABLE_STRICT_OBJC_MSGSEND = YES;
				GCC_C_LANGUAGE_STANDARD = gnu11;
				GCC_NO_COMMON_BLOCKS = YES;
				GCC_WARN_64_TO_32_BIT_CONVERSION = YES;
				GCC_WARN_ABOUT_RETURN_TYPE = YES_ERROR;
				GCC_WARN_UNDECLARED_SELECTOR = YES;
				GCC_WARN_UNINITIALIZED_AUTOS = YES_AGGRESSIVE;
				GCC_WARN_UNUSED_FUNCTION = YES;
				GCC_WARN_UNUSED_VARIABLE = YES;
				MTL_ENABLE_DEBUG_INFO = NO;
				MTL_FAST_MATH = YES;
				SWIFT_COMPILATION_MODE = wholemodule;
				SWIFT_OPTIMIZATION_LEVEL = "-O";
			};
			name = Release;
		};
		45E092942AB474BA00D8D3CD /* Debug */ = {
			isa = XCBuildConfiguration;
			buildSettings = {
				ASSETCATALOG_COMPILER_APPICON_NAME = AppIcon;
				ASSETCATALOG_COMPILER_GLOBAL_ACCENT_COLOR_NAME = AccentColor;
				CODE_SIGN_ENTITLEMENTS = Landmarks/Landmarks.entitlements;
				CODE_SIGN_STYLE = Automatic;
				CURRENT_PROJECT_VERSION = 1;
				DEVELOPMENT_ASSET_PATHS = "\"Landmarks/Preview Content\"";
				DEVELOPMENT_TEAM = DD9KM9F67P;
				ENABLE_HARDENED_RUNTIME = YES;
				ENABLE_PREVIEWS = YES;
				GENERATE_INFOPLIST_FILE = YES;
				"INFOPLIST_KEY_UIApplicationSceneManifest_Generation[sdk=iphoneos*]" = YES;
				"INFOPLIST_KEY_UIApplicationSceneManifest_Generation[sdk=iphonesimulator*]" = YES;
				"INFOPLIST_KEY_UIApplicationSupportsIndirectInputEvents[sdk=iphoneos*]" = YES;
				"INFOPLIST_KEY_UIApplicationSupportsIndirectInputEvents[sdk=iphonesimulator*]" = YES;
				"INFOPLIST_KEY_UILaunchScreen_Generation[sdk=iphoneos*]" = YES;
				"INFOPLIST_KEY_UILaunchScreen_Generation[sdk=iphonesimulator*]" = YES;
				"INFOPLIST_KEY_UIStatusBarStyle[sdk=iphoneos*]" = UIStatusBarStyleDefault;
				"INFOPLIST_KEY_UIStatusBarStyle[sdk=iphonesimulator*]" = UIStatusBarStyleDefault;
				INFOPLIST_KEY_UISupportedInterfaceOrientations_iPad = "UIInterfaceOrientationPortrait UIInterfaceOrientationPortraitUpsideDown UIInterfaceOrientationLandscapeLeft UIInterfaceOrientationLandscapeRight";
				INFOPLIST_KEY_UISupportedInterfaceOrientations_iPhone = "UIInterfaceOrientationPortrait UIInterfaceOrientationLandscapeLeft UIInterfaceOrientationLandscapeRight";
				IPHONEOS_DEPLOYMENT_TARGET = 16.4;
				LD_RUNPATH_SEARCH_PATHS = "@executable_path/Frameworks";
				"LD_RUNPATH_SEARCH_PATHS[sdk=macosx*]" = "@executable_path/../Frameworks";
				MACOSX_DEPLOYMENT_TARGET = 13.3;
				MARKETING_VERSION = 1.0;
				PRODUCT_BUNDLE_IDENTIFIER = tutorial.Landmarks;
				PRODUCT_NAME = "$(TARGET_NAME)";
				SDKROOT = auto;
				SUPPORTED_PLATFORMS = "iphoneos iphonesimulator macosx";
				SWIFT_EMIT_LOC_STRINGS = YES;
				SWIFT_VERSION = 5.0;
				TARGETED_DEVICE_FAMILY = "1,2";
			};
			name = Debug;
		};
		45E092952AB474BA00D8D3CD /* Release */ = {
			isa = XCBuildConfiguration;
			buildSettings = {
				ASSETCATALOG_COMPILER_APPICON_NAME = AppIcon;
				ASSETCATALOG_COMPILER_GLOBAL_ACCENT_COLOR_NAME = AccentColor;
				CODE_SIGN_ENTITLEMENTS = Landmarks/Landmarks.entitlements;
				CODE_SIGN_STYLE = Automatic;
				CURRENT_PROJECT_VERSION = 1;
				DEVELOPMENT_ASSET_PATHS = "\"Landmarks/Preview Content\"";
				DEVELOPMENT_TEAM = DD9KM9F67P;
				ENABLE_HARDENED_RUNTIME = YES;
				ENABLE_PREVIEWS = YES;
				GENERATE_INFOPLIST_FILE = YES;
				"INFOPLIST_KEY_UIApplicationSceneManifest_Generation[sdk=iphoneos*]" = YES;
				"INFOPLIST_KEY_UIApplicationSceneManifest_Generation[sdk=iphonesimulator*]" = YES;
				"INFOPLIST_KEY_UIApplicationSupportsIndirectInputEvents[sdk=iphoneos*]" = YES;
				"INFOPLIST_KEY_UIApplicationSupportsIndirectInputEvents[sdk=iphonesimulator*]" = YES;
				"INFOPLIST_KEY_UILaunchScreen_Generation[sdk=iphoneos*]" = YES;
				"INFOPLIST_KEY_UILaunchScreen_Generation[sdk=iphonesimulator*]" = YES;
				"INFOPLIST_KEY_UIStatusBarStyle[sdk=iphoneos*]" = UIStatusBarStyleDefault;
				"INFOPLIST_KEY_UIStatusBarStyle[sdk=iphonesimulator*]" = UIStatusBarStyleDefault;
				INFOPLIST_KEY_UISupportedInterfaceOrientations_iPad = "UIInterfaceOrientationPortrait UIInterfaceOrientationPortraitUpsideDown UIInterfaceOrientationLandscapeLeft UIInterfaceOrientationLandscapeRight";
				INFOPLIST_KEY_UISupportedInterfaceOrientations_iPhone = "UIInterfaceOrientationPortrait UIInterfaceOrientationLandscapeLeft UIInterfaceOrientationLandscapeRight";
				IPHONEOS_DEPLOYMENT_TARGET = 16.4;
				LD_RUNPATH_SEARCH_PATHS = "@executable_path/Frameworks";
				"LD_RUNPATH_SEARCH_PATHS[sdk=macosx*]" = "@executable_path/../Frameworks";
				MACOSX_DEPLOYMENT_TARGET = 13.3;
				MARKETING_VERSION = 1.0;
				PRODUCT_BUNDLE_IDENTIFIER = tutorial.Landmarks;
				PRODUCT_NAME = "$(TARGET_NAME)";
				SDKROOT = auto;
				SUPPORTED_PLATFORMS = "iphoneos iphonesimulator macosx";
				SWIFT_EMIT_LOC_STRINGS = YES;
				SWIFT_VERSION = 5.0;
				TARGETED_DEVICE_FAMILY = "1,2";
			};
			name = Release;
		};
		45E092972AB474BA00D8D3CD /* Debug */ = {
			isa = XCBuildConfiguration;
			buildSettings = {
				ALWAYS_EMBED_SWIFT_STANDARD_LIBRARIES = YES;
				BUNDLE_LOADER = "$(TEST_HOST)";
				CODE_SIGN_STYLE = Automatic;
				CURRENT_PROJECT_VERSION = 1;
				DEVELOPMENT_TEAM = DD9KM9F67P;
				GENERATE_INFOPLIST_FILE = YES;
				IPHONEOS_DEPLOYMENT_TARGET = 16.4;
				MACOSX_DEPLOYMENT_TARGET = 13.3;
				MARKETING_VERSION = 1.0;
				PRODUCT_BUNDLE_IDENTIFIER = tutorial.LandmarksTests;
				PRODUCT_NAME = "$(TARGET_NAME)";
				SDKROOT = auto;
				SUPPORTED_PLATFORMS = "iphoneos iphonesimulator macosx";
				SWIFT_EMIT_LOC_STRINGS = NO;
				SWIFT_VERSION = 5.0;
				TARGETED_DEVICE_FAMILY = "1,2";
				TEST_HOST = "$(BUILT_PRODUCTS_DIR)/Landmarks.app/$(BUNDLE_EXECUTABLE_FOLDER_PATH)/Landmarks";
			};
			name = Debug;
		};
		45E092982AB474BA00D8D3CD /* Release */ = {
			isa = XCBuildConfiguration;
			buildSettings = {
				ALWAYS_EMBED_SWIFT_STANDARD_LIBRARIES = YES;
				BUNDLE_LOADER = "$(TEST_HOST)";
				CODE_SIGN_STYLE = Automatic;
				CURRENT_PROJECT_VERSION = 1;
				DEVELOPMENT_TEAM = DD9KM9F67P;
				GENERATE_INFOPLIST_FILE = YES;
				IPHONEOS_DEPLOYMENT_TARGET = 16.4;
				MACOSX_DEPLOYMENT_TARGET = 13.3;
				MARKETING_VERSION = 1.0;
				PRODUCT_BUNDLE_IDENTIFIER = tutorial.LandmarksTests;
				PRODUCT_NAME = "$(TARGET_NAME)";
				SDKROOT = auto;
				SUPPORTED_PLATFORMS = "iphoneos iphonesimulator macosx";
				SWIFT_EMIT_LOC_STRINGS = NO;
				SWIFT_VERSION = 5.0;
				TARGETED_DEVICE_FAMILY = "1,2";
				TEST_HOST = "$(BUILT_PRODUCTS_DIR)/Landmarks.app/$(BUNDLE_EXECUTABLE_FOLDER_PATH)/Landmarks";
			};
			name = Release;
		};
		45E0929A2AB474BA00D8D3CD /* Debug */ = {
			isa = XCBuildConfiguration;
			buildSettings = {
				ALWAYS_EMBED_SWIFT_STANDARD_LIBRARIES = YES;
				CODE_SIGN_STYLE = Automatic;
				CURRENT_PROJECT_VERSION = 1;
				DEVELOPMENT_TEAM = DD9KM9F67P;
				GENERATE_INFOPLIST_FILE = YES;
				IPHONEOS_DEPLOYMENT_TARGET = 16.4;
				MACOSX_DEPLOYMENT_TARGET = 13.3;
				MARKETING_VERSION = 1.0;
				PRODUCT_BUNDLE_IDENTIFIER = tutorial.LandmarksUITests;
				PRODUCT_NAME = "$(TARGET_NAME)";
				SDKROOT = auto;
				SUPPORTED_PLATFORMS = "iphoneos iphonesimulator macosx";
				SWIFT_EMIT_LOC_STRINGS = NO;
				SWIFT_VERSION = 5.0;
				TARGETED_DEVICE_FAMILY = "1,2";
				TEST_TARGET_NAME = Landmarks;
			};
			name = Debug;
		};
		45E0929B2AB474BA00D8D3CD /* Release */ = {
			isa = XCBuildConfiguration;
			buildSettings = {
				ALWAYS_EMBED_SWIFT_STANDARD_LIBRARIES = YES;
				CODE_SIGN_STYLE = Automatic;
				CURRENT_PROJECT_VERSION = 1;
				DEVELOPMENT_TEAM = DD9KM9F67P;
				GENERATE_INFOPLIST_FILE = YES;
				IPHONEOS_DEPLOYMENT_TARGET = 16.4;
				MACOSX_DEPLOYMENT_TARGET = 13.3;
				MARKETING_VERSION = 1.0;
				PRODUCT_BUNDLE_IDENTIFIER = tutorial.LandmarksUITests;
				PRODUCT_NAME = "$(TARGET_NAME)";
				SDKROOT = auto;
				SUPPORTED_PLATFORMS = "iphoneos iphonesimulator macosx";
				SWIFT_EMIT_LOC_STRINGS = NO;
				SWIFT_VERSION = 5.0;
				TARGETED_DEVICE_FAMILY = "1,2";
				TEST_TARGET_NAME = Landmarks;
			};
			name = Release;
		};
/* End XCBuildConfiguration section */

/* Begin XCConfigurationList section */
		45E092692AB474B800D8D3CD /* Build configuration list for PBXProject "Landmarks" */ = {
			isa = XCConfigurationList;
			buildConfigurations = (
				45E092912AB474BA00D8D3CD /* Debug */,
				45E092922AB474BA00D8D3CD /* Release */,
			);
			defaultConfigurationIsVisible = 0;
			defaultConfigurationName = Release;
		};
		45E092932AB474BA00D8D3CD /* Build configuration list for PBXNativeTarget "Landmarks" */ = {
			isa = XCConfigurationList;
			buildConfigurations = (
				45E092942AB474BA00D8D3CD /* Debug */,
				45E092952AB474BA00D8D3CD /* Release */,
			);
			defaultConfigurationIsVisible = 0;
			defaultConfigurationName = Release;
		};
		45E092962AB474BA00D8D3CD /* Build configuration list for PBXNativeTarget "LandmarksTests" */ = {
			isa = XCConfigurationList;
			buildConfigurations = (
				45E092972AB474BA00D8D3CD /* Debug */,
				45E092982AB474BA00D8D3CD /* Release */,
			);
			defaultConfigurationIsVisible = 0;
			defaultConfigurationName = Release;
		};
		45E092992AB474BA00D8D3CD /* Build configuration list for PBXNativeTarget "LandmarksUITests" */ = {
			isa = XCConfigurationList;
			buildConfigurations = (
				45E0929A2AB474BA00D8D3CD /* Debug */,
				45E0929B2AB474BA00D8D3CD /* Release */,
			);
			defaultConfigurationIsVisible = 0;
			defaultConfigurationName = Release;
		};
/* End XCConfigurationList section */
	};
	rootObject = 45E092662AB474B800D8D3CD /* Project object */;
}
